
Microsoft Visual Studio Solution File, Format Version 12.00
# Visual Studio Version 16
VisualStudioVersion = 16.0.31005.135
MinimumVisualStudioVersion = 10.0.40219.1
Project("{FAE04EC0-301F-11D3-BF4B-00C04F79EFBC}") = "BlockShare", "BlockShare\BlockShare.csproj", "{48394769-F3A1-48B1-8A74-639B5B06CF7B}"
EndProject
Project("{FAE04EC0-301F-11D3-BF4B-00C04F79EFBC}") = "BlockShareGui", "BlockShareGui\BlockShareGui.csproj", "{63DA9315-5B90-495A-97DF-54B65416372E}"
EndProject
Global
	GlobalSection(SolutionConfigurationPlatforms) = preSolution
		Debug|Any CPU = Debug|Any CPU
		Debug-Client|Any CPU = Debug-Client|Any CPU
		Debug-Dehash|Any CPU = Debug-Dehash|Any CPU
		Debug-Server|Any CPU = Debug-Server|Any CPU
		Release|Any CPU = Release|Any CPU
	EndGlobalSection
	GlobalSection(ProjectConfigurationPlatforms) = postSolution
		{48394769-F3A1-48B1-8A74-639B5B06CF7B}.Debug|Any CPU.ActiveCfg = Debug|Any CPU
		{48394769-F3A1-48B1-8A74-639B5B06CF7B}.Debug|Any CPU.Build.0 = Debug|Any CPU
		{48394769-F3A1-48B1-8A74-639B5B06CF7B}.Debug-Client|Any CPU.ActiveCfg = Debug-Client|Any CPU
		{48394769-F3A1-48B1-8A74-639B5B06CF7B}.Debug-Client|Any CPU.Build.0 = Debug-Client|Any CPU
		{48394769-F3A1-48B1-8A74-639B5B06CF7B}.Debug-Dehash|Any CPU.ActiveCfg = Debug-Dehash|Any CPU
		{48394769-F3A1-48B1-8A74-639B5B06CF7B}.Debug-Dehash|Any CPU.Build.0 = Debug-Dehash|Any CPU
		{48394769-F3A1-48B1-8A74-639B5B06CF7B}.Debug-Server|Any CPU.ActiveCfg = Debug-Server|Any CPU
		{48394769-F3A1-48B1-8A74-639B5B06CF7B}.Debug-Server|Any CPU.Build.0 = Debug-Server|Any CPU
		{48394769-F3A1-48B1-8A74-639B5B06CF7B}.Release|Any CPU.ActiveCfg = Release|Any CPU
		{48394769-F3A1-48B1-8A74-639B5B06CF7B}.Release|Any CPU.Build.0 = Release|Any CPU
		{63DA9315-5B90-495A-97DF-54B65416372E}.Debug|Any CPU.ActiveCfg = Debug|Any CPU
		{63DA9315-5B90-495A-97DF-54B65416372E}.Debug|Any CPU.Build.0 = Debug|Any CPU
		{63DA9315-5B90-495A-97DF-54B65416372E}.Debug-Client|Any CPU.ActiveCfg = Debug|Any CPU
		{63DA9315-5B90-495A-97DF-54B65416372E}.Debug-Client|Any CPU.Build.0 = Debug|Any CPU
		{63DA9315-5B90-495A-97DF-54B65416372E}.Debug-Dehash|Any CPU.ActiveCfg = Debug|Any CPU
		{63DA9315-5B90-495A-97DF-54B65416372E}.Debug-Dehash|Any CPU.Build.0 = Debug|Any CPU
		{63DA9315-5B90-495A-97DF-54B65416372E}.Debug-Server|Any CPU.ActiveCfg = Debug|Any CPU
		{63DA9315-5B90-495A-97DF-54B65416372E}.Debug-Server|Any CPU.Build.0 = Debug|Any CPU
		{63DA9315-5B90-495A-97DF-54B65416372E}.Release|Any CPU.ActiveCfg = Release|Any CPU
		{63DA9315-5B90-495A-97DF-54B65416372E}.Release|Any CPU.Build.0 = Release|Any CPU
	EndGlobalSection
	GlobalSection(SolutionProperties) = preSolution
		HideSolutionNode = FALSE
	EndGlobalSection
	GlobalSection(ExtensibilityGlobals) = postSolution
		SolutionGuid = {A71A7954-BAB4-46C2-B32E-FCDB95AF7533}
	EndGlobalSection
EndGlobal
